
Microsoft Visual Studio Solution File, Format Version 12.00
# Visual Studio 14
VisualStudioVersion = 14.0.23107.0
MinimumVisualStudioVersion = 10.0.40219.1
Project("{FAE04EC0-301F-11D3-BF4B-00C04F79EFBC}") = "FizzBuzzKata", "FizzBuzz\FizzBuzzKata.csproj", "{7391D095-C021-440F-82CC-0EF42F5EFF97}"
EndProject
Project("{FAE04EC0-301F-11D3-BF4B-00C04F79EFBC}") = "StringCalculator", "StringCalculator\StringCalculator.csproj", "{7797C2D0-505F-4636-8C16-17BD44542063}"
EndProject
Global
	GlobalSection(SolutionConfigurationPlatforms) = preSolution
		Debug|Any CPU = Debug|Any CPU
		Release|Any CPU = Release|Any CPU
	EndGlobalSection
	GlobalSection(ProjectConfigurationPlatforms) = postSolution
		{7391D095-C021-440F-82CC-0EF42F5EFF97}.Debug|Any CPU.ActiveCfg = Debug|Any CPU
		{7391D095-C021-440F-82CC-0EF42F5EFF97}.Debug|Any CPU.Build.0 = Debug|Any CPU
		{7391D095-C021-440F-82CC-0EF42F5EFF97}.Release|Any CPU.ActiveCfg = Release|Any CPU
		{7391D095-C021-440F-82CC-0EF42F5EFF97}.Release|Any CPU.Build.0 = Release|Any CPU
		{7797C2D0-505F-4636-8C16-17BD44542063}.Debug|Any CPU.ActiveCfg = Debug|Any CPU
		{7797C2D0-505F-4636-8C16-17BD44542063}.Debug|Any CPU.Build.0 = Debug|Any CPU
		{7797C2D0-505F-4636-8C16-17BD44542063}.Release|Any CPU.ActiveCfg = Release|Any CPU
		{7797C2D0-505F-4636-8C16-17BD44542063}.Release|Any CPU.Build.0 = Release|Any CPU
	EndGlobalSection
	GlobalSection(SolutionProperties) = preSolution
		HideSolutionNode = FALSE
	EndGlobalSection
EndGlobal
